
Microsoft Visual Studio Solution File, Format Version 12.00
# Visual Studio Version 16
VisualStudioVersion = 16.0.31515.178
MinimumVisualStudioVersion = 10.0.40219.1
Project("{FAE04EC0-301F-11D3-BF4B-00C04F79EFBC}") = "MainProject", "MainProject\MainProject.csproj", "{3CF2155D-643C-4566-8057-8A5AC41C52ED}"
EndProject
Global
	GlobalSection(SolutionConfigurationPlatforms) = preSolution
		Debug|Any CPU = Debug|Any CPU
		Release|Any CPU = Release|Any CPU
	EndGlobalSection
	GlobalSection(ProjectConfigurationPlatforms) = postSolution
		{3CF2155D-643C-4566-8057-8A5AC41C52ED}.Debug|Any CPU.ActiveCfg = Debug|Any CPU
		{3CF2155D-643C-4566-8057-8A5AC41C52ED}.Debug|Any CPU.Build.0 = Debug|Any CPU
		{3CF2155D-643C-4566-8057-8A5AC41C52ED}.Release|Any CPU.ActiveCfg = Release|Any CPU
		{3CF2155D-643C-4566-8057-8A5AC41C52ED}.Release|Any CPU.Build.0 = Release|Any CPU
	EndGlobalSection
	GlobalSection(SolutionProperties) = preSolution
		HideSolutionNode = FALSE
	EndGlobalSection
	GlobalSection(ExtensibilityGlobals) = postSolution
		SolutionGuid = {83043780-8159-421E-BE7B-317C878E538C}
	EndGlobalSection
EndGlobal
